
Microsoft Visual Studio Solution File, Format Version 12.00
# Visual Studio 15
VisualStudioVersion = 15.0.28307.106
MinimumVisualStudioVersion = 10.0.40219.1
Project("{FAE04EC0-301F-11D3-BF4B-00C04F79EFBC}") = "React_Login_Tokens", "React_Login_Tokens\React_Login_Tokens.csproj", "{3F980CE3-F463-4EED-8148-836CF105EBD0}"
EndProject
Global
	GlobalSection(SolutionConfigurationPlatforms) = preSolution
		Debug|Any CPU = Debug|Any CPU
		Release|Any CPU = Release|Any CPU
	EndGlobalSection
	GlobalSection(ProjectConfigurationPlatforms) = postSolution
		{3F980CE3-F463-4EED-8148-836CF105EBD0}.Debug|Any CPU.ActiveCfg = Debug|Any CPU
		{3F980CE3-F463-4EED-8148-836CF105EBD0}.Debug|Any CPU.Build.0 = Debug|Any CPU
		{3F980CE3-F463-4EED-8148-836CF105EBD0}.Release|Any CPU.ActiveCfg = Release|Any CPU
		{3F980CE3-F463-4EED-8148-836CF105EBD0}.Release|Any CPU.Build.0 = Release|Any CPU
	EndGlobalSection
	GlobalSection(SolutionProperties) = preSolution
		HideSolutionNode = FALSE
	EndGlobalSection
	GlobalSection(ExtensibilityGlobals) = postSolution
		SolutionGuid = {4B504E13-2BDA-4DD5-9F77-80E110B22AFD}
	EndGlobalSection
EndGlobal
